{
  "name": "Splatwise",
  "requires": true,
  "lockfileVersion": 1,
  "dependencies": {
    "loader": {
      "version": "2.1.1",
      "resolved": "https://registry.npmjs.org/loader/-/loader-2.1.1.tgz",
      "integrity": "sha1-iEixKj8AVy5aQkkzPM2seXc/tAI="
    },
    "lodash": {
      "version": "4.17.15",
      "resolved": "https://registry.npmjs.org/lodash/-/lodash-4.17.15.tgz",
      "integrity": "sha512-8xOcRHvCjnocdS5cpwXQXVzmmh5e5+saE2QGoeQmbKmRS6J3VQppPOIt0MnmE+4xlZoumy0GPG0D0MVIQbNA1A=="
    }
  }
}
